  dependencies:
    glob "7.1.7"

"@next/swc-darwin-arm64@13.4.19":

  version "13.4.19"
  resolved "https://registry.npmjs.org/@next/swc-darwin-arm64/-/swc-darwin-arm64-13.4.19.tgz"
  integrity sha512-vv1qrjXeGbuF2mOkhkdxMDtv9np7W4mcBtaDnHU+yJG+bBwa6rYsYSCI/9Xm5+TuF5SbZbrWO6G1NfTh1TMjvQ==

  "@nodelib/fs.scandir@2.1.5":
  version "2.1.5"

  @@ -1983,8 +1983,12 @@ next@*, next@^13.4.19:
    watchpack "2.4.0"
    zod "3.21.4"
  optionalDependencies:

    "@next/swc-darwin-arm64" "13.4.19"
    "@next/swc-darwin-x64" "13.4.19"

    "@next/swc-linux-arm64-gnu" "13.4.19"
    "@next/swc-linux-arm64-musl" "13.4.19"
    "@next/swc-linux-x64-gnu" "13.4.19"
@@ -2222,10 +2226,10 @@ queue-microtask@^1.2.2:
    loose-envify "^1.1.0"
    scheduler "^0.23.0"


react-icons@^4.10.1:
  version "4.10.1"
  resolved "https://registry.npmjs.org/react-icons/-/react-icons-4.10.1.tgz"
  integrity sha512-/ngzDP/77tlCfqthiiGNZeYFACw85fUjZtLbedmJ5DTlNDIwETxhwBzdOJ21zj4iJdvc0J3y7yOsX3PpxAJzrw==

react-is@^16.13.1, react-is@^16.7.0:
  version "16.13.1"